
Microsoft Visual Studio Solution File, Format Version 12.00
# Visual Studio 15
VisualStudioVersion = 15.0.28307.329
MinimumVisualStudioVersion = 10.0.40219.1
Project("{888888A0-9F3D-457C-B088-3A5042F75D52}") = "k-mer search", "k-mer search.pyproj", "{A04F3500-B257-4A29-A5D5-2625A7CF99BB}"
EndProject
Global
	GlobalSection(SolutionConfigurationPlatforms) = preSolution
		Debug|Any CPU = Debug|Any CPU
		Release|Any CPU = Release|Any CPU
	EndGlobalSection
	GlobalSection(ProjectConfigurationPlatforms) = postSolution
		{A04F3500-B257-4A29-A5D5-2625A7CF99BB}.Debug|Any CPU.ActiveCfg = Debug|Any CPU
		{A04F3500-B257-4A29-A5D5-2625A7CF99BB}.Release|Any CPU.ActiveCfg = Release|Any CPU
	EndGlobalSection
	GlobalSection(SolutionProperties) = preSolution
		HideSolutionNode = FALSE
	EndGlobalSection
	GlobalSection(ExtensibilityGlobals) = postSolution
		SolutionGuid = {10285E45-CD1D-4EC3-9E63-7343798AA681}
	EndGlobalSection
EndGlobal
